PODS:
  - Alamofire (4.9.1)
  - Kingfisher (5.14.1):
    - Kingfisher/Core (= 5.14.1)
  - Kingfisher/Core (5.14.1)
  - RxSwift (5.1.1)

DEPENDENCIES:
  - Alamofire (~> 4.9.1)
  - Kingfisher
  - RxSwift

SPEC REPOS:
  trunk:
    - Alamofire
    - Kingfisher
    - RxSwift

SPEC CHECKSUMS:
  Alamofire: 85e8a02c69d6020a0d734f6054870d7ecb75cf18
  Kingfisher: 8050bc6f7f68cbf3908bd04df7ccbac188f6d6d6
  RxSwift: 81470a2074fa8780320ea5fe4102807cb7118178

PODFILE CHECKSUM: 6f3b33ca740d86b1837d89bbb68370a02b63e103

COCOAPODS: 1.9.1
